<?xml version="1.0" encoding="utf-8"?>
<Project ToolsVersion="4.0" xmlns="http://schemas.microsoft.com/developer/msbuild/2003">
  <ItemGroup>
    <Filter Include="Source Files">
      <UniqueIdentifier>{4FC737F1-C7A5-4376-A066-2A32D752A2FF}</UniqueIdentifier>
      <Extensions>cpp;c;cc;cxx;def;odl;idl;hpj;bat;asm;asmx</Extensions>
    </Filter>
    <Filter Include="Header Files">
      <UniqueIdentifier>{93995380-89BD-4b04-88EB-625FBE52EBFB}</UniqueIdentifier>
      <Extensions>h;hh;hpp;hxx;hm;inl;inc;ipp;xsd</Extensions>
    </Filter>
    <Filter Include="Resource Files">
      <UniqueIdentifier>{67DA6AB6-F800-4c08-8B7A-83BB121AAD01}</UniqueIdentifier>
      <Extensions>rc;ico;cur;bmp;dlg;rc2;rct;bin;rgs;gif;jpg;jpeg;jpe;resx;tiff;tif;png;wav;mfcribbon-ms</Extensions>
    </Filter>
    <Filter Include="Manager Headers">
      <UniqueIdentifier>{0d09c5e5-a30e-46b2-9853-260aeaef1040}</UniqueIdentifier>
    </Filter>
    <Filter Include="Manager Sources">
      <UniqueIdentifier>{190572b5-efbe-45d2-93d8-47e479b1c6f7}</UniqueIdentifier>
    </Filter>
    <Filter Include="System Headers">
      <UniqueIdentifier>{b5ee4a88-a4c9-4be5-8420-fe5c40a15067}</UniqueIdentifier>
    </Filter>
    <Filter Include="System Sources">
      <UniqueIdentifier>{d464c15c-0318-4ffb-859f-94ad36ec11ae}</UniqueIdentifier>
    </Filter>
  </ItemGroup>
  <ItemGroup>
    <ClCompile Include="main.cpp">
      <Filter>Source Files</Filter>
    </ClCompile>
    <ClCompile Include="olcPixelGameEngine.cpp">
      <Filter>Source Files</Filter>
    </ClCompile>
    <ClCompile Include="MainEngine.cpp">
      <Filter>Source Files</Filter>
    </ClCompile>
    <ClCompile Include="EntityManager.cpp">
      <Filter>Source Files</Filter>
    </ClCompile>
    <ClCompile Include="Entity.cpp">
      <Filter>Source Files</Filter>
    </ClCompile>
    <ClCompile Include="ColorManager.cpp">
      <Filter>Manager Sources</Filter>
    </ClCompile>
    <ClCompile Include="physics_system.cpp">
      <Filter>System Sources</Filter>
    </ClCompile>
    <ClCompile Include="render_system.cpp">
      <Filter>System Sources</Filter>
    </ClCompile>
    <ClCompile Include="resource_system.cpp">
      <Filter>System Sources</Filter>
    </ClCompile>
    <ClCompile Include="collision_system.cpp">
      <Filter>System Sources</Filter>
    </ClCompile>
    <ClCompile Include="ai_system.cpp">
      <Filter>System Sources</Filter>
    </ClCompile>
    <ClCompile Include="Managers.cpp">
      <Filter>Manager Sources</Filter>
    </ClCompile>
    <ClCompile Include="render_system.cpp">
      <Filter>System Sources</Filter>
    </ClCompile>
    <ClCompile Include="physics_system.cpp">
      <Filter>System Sources</Filter>
    </ClCompile>
    <ClCompile Include="ai_system.cpp">
      <Filter>System Sources</Filter>
    </ClCompile>
  </ItemGroup>
  <ItemGroup>
    <ClInclude Include="olcPixelGameEngine.h">
      <Filter>Header Files</Filter>
    </ClInclude>
    <ClInclude Include="MainEngine.h">
      <Filter>Header Files</Filter>
    </ClInclude>
    <ClInclude Include="EntityManager.h">
      <Filter>Header Files</Filter>
    </ClInclude>
    <ClInclude Include="Entity.h">
      <Filter>Header Files</Filter>
    </ClInclude>
    <ClInclude Include="ComponentManager.h">
      <Filter>Header Files</Filter>
    </ClInclude>
    <ClInclude Include="Component.h">
      <Filter>Header Files</Filter>
    </ClInclude>
    <ClInclude Include="Array2D.h">
      <Filter>Header Files</Filter>
    </ClInclude>
    <ClInclude Include="ArrayComponentManager.h">
      <Filter>Header Files</Filter>
    </ClInclude>
    <ClInclude Include="ColorManager.h">
      <Filter>Manager Headers</Filter>
    </ClInclude>
    <ClInclude Include="physics_system.h">
      <Filter>System Headers</Filter>
    </ClInclude>
    <ClInclude Include="render_system.h">
      <Filter>System Headers</Filter>
    </ClInclude>
    <ClInclude Include="resource_system.h">
      <Filter>System Headers</Filter>
    </ClInclude>
    <ClInclude Include="collision_system.h">
      <Filter>System Headers</Filter>
    </ClInclude>
    <ClInclude Include="ai_system.h">
      <Filter>System Headers</Filter>
    </ClInclude>
    <ClInclude Include="Managers.h">
      <Filter>Manager Headers</Filter>
    </ClInclude>
    <ClInclude Include="ai_system.h">
      <Filter>System Headers</Filter>
    </ClInclude>
    <ClInclude Include="render_system.h">
      <Filter>System Headers</Filter>
    </ClInclude>
    <ClInclude Include="physics_system.h">
      <Filter>System Headers</Filter>
    </ClInclude>
  </ItemGroup>
</Project>